
Microsoft Visual Studio Solution File, Format Version 12.00
# Visual Studio Version 17
VisualStudioVersion = 17.10.34928.147
MinimumVisualStudioVersion = 10.0.40219.1
Project("{9A19103F-16F7-4668-BE54-9A1E7A4F7556}") = "financial_gain", "financial_gain\financial_gain.csproj", "{866FA66C-6F8A-4625-821D-8DD97388C945}"
EndProject
Project("{9A19103F-16F7-4668-BE54-9A1E7A4F7556}") = "financial_gain.Tests", "financial_gain.Tests\financial_gain.Tests.csproj", "{6C9B9D8D-19B6-4C7B-85FF-EE8AF834E4C4}"
EndProject
Global
	GlobalSection(SolutionConfigurationPlatforms) = preSolution
		Debug|Any CPU = Debug|Any CPU
		Release|Any CPU = Release|Any CPU
	EndGlobalSection
	GlobalSection(ProjectConfigurationPlatforms) = postSolution
		{866FA66C-6F8A-4625-821D-8DD97388C945}.Debug|Any CPU.ActiveCfg = Debug|Any CPU
		{866FA66C-6F8A-4625-821D-8DD97388C945}.Debug|Any CPU.Build.0 = Debug|Any CPU
		{866FA66C-6F8A-4625-821D-8DD97388C945}.Release|Any CPU.ActiveCfg = Release|Any CPU
		{866FA66C-6F8A-4625-821D-8DD97388C945}.Release|Any CPU.Build.0 = Release|Any CPU
		{6C9B9D8D-19B6-4C7B-85FF-EE8AF834E4C4}.Debug|Any CPU.ActiveCfg = Debug|Any CPU
		{6C9B9D8D-19B6-4C7B-85FF-EE8AF834E4C4}.Debug|Any CPU.Build.0 = Debug|Any CPU
		{6C9B9D8D-19B6-4C7B-85FF-EE8AF834E4C4}.Release|Any CPU.ActiveCfg = Release|Any CPU
		{6C9B9D8D-19B6-4C7B-85FF-EE8AF834E4C4}.Release|Any CPU.Build.0 = Release|Any CPU
	EndGlobalSection
	GlobalSection(SolutionProperties) = preSolution
		HideSolutionNode = FALSE
	EndGlobalSection
	GlobalSection(ExtensibilityGlobals) = postSolution
		SolutionGuid = {3A737C34-9268-40C5-B4DE-EE83100C5ACF}
	EndGlobalSection
EndGlobal
